
Microsoft Visual Studio Solution File, Format Version 12.00
# Visual Studio Version 16
VisualStudioVersion = 16.0.30804.86
MinimumVisualStudioVersion = 10.0.40219.1
Project("{9A19103F-16F7-4668-BE54-9A1E7A4F7556}") = "WiseThingPortal.Api", "WiseThingPortal.Api.csproj", "{B7B9A372-35F2-4014-B907-B1042ADF21B8}"
EndProject
Project("{9A19103F-16F7-4668-BE54-9A1E7A4F7556}") = "WiseThing.Data.Respository", "..\WiseThing.Data.Respository\WiseThing.Data.Respository.csproj", "{5A526DFB-7C7D-444F-9C10-8CC8D05191B7}"
EndProject
Project("{FAE04EC0-301F-11D3-BF4B-00C04F79EFBC}") = "WiseThing.Portal.Business", "..\WiseThing.Portal.Business\WiseThing.Portal.Business.csproj", "{E088E6E9-23BE-4B28-8C3A-7CF069C66AA8}"
EndProject
Global
	GlobalSection(SolutionConfigurationPlatforms) = preSolution
		Debug|Any CPU = Debug|Any CPU
		Release|Any CPU = Release|Any CPU
	EndGlobalSection
	GlobalSection(ProjectConfigurationPlatforms) = postSolution
		{B7B9A372-35F2-4014-B907-B1042ADF21B8}.Debug|Any CPU.ActiveCfg = Debug|Any CPU
		{B7B9A372-35F2-4014-B907-B1042ADF21B8}.Debug|Any CPU.Build.0 = Debug|Any CPU
		{B7B9A372-35F2-4014-B907-B1042ADF21B8}.Release|Any CPU.ActiveCfg = Release|Any CPU
		{B7B9A372-35F2-4014-B907-B1042ADF21B8}.Release|Any CPU.Build.0 = Release|Any CPU
		{5A526DFB-7C7D-444F-9C10-8CC8D05191B7}.Debug|Any CPU.ActiveCfg = Debug|Any CPU
		{5A526DFB-7C7D-444F-9C10-8CC8D05191B7}.Debug|Any CPU.Build.0 = Debug|Any CPU
		{5A526DFB-7C7D-444F-9C10-8CC8D05191B7}.Release|Any CPU.ActiveCfg = Release|Any CPU
		{5A526DFB-7C7D-444F-9C10-8CC8D05191B7}.Release|Any CPU.Build.0 = Release|Any CPU
		{E088E6E9-23BE-4B28-8C3A-7CF069C66AA8}.Debug|Any CPU.ActiveCfg = Debug|Any CPU
		{E088E6E9-23BE-4B28-8C3A-7CF069C66AA8}.Debug|Any CPU.Build.0 = Debug|Any CPU
		{E088E6E9-23BE-4B28-8C3A-7CF069C66AA8}.Release|Any CPU.ActiveCfg = Release|Any CPU
		{E088E6E9-23BE-4B28-8C3A-7CF069C66AA8}.Release|Any CPU.Build.0 = Release|Any CPU
	EndGlobalSection
	GlobalSection(SolutionProperties) = preSolution
		HideSolutionNode = FALSE
	EndGlobalSection
	GlobalSection(ExtensibilityGlobals) = postSolution
		SolutionGuid = {18FB1218-6633-4172-A214-3A4A64203CF7}
	EndGlobalSection
EndGlobal
